%{"earmark": {:hex, :earmark, "0.1.19", "ffec54f520a11b711532c23d8a52b75a74c09697062d10613fa2dbdf8a9db36e", [:mix], []},
  "ex_doc": {:hex, :ex_doc, "0.10.0", "f49c237250b829df986486b38f043e6f8e19d19b41101987f7214543f75947ec", [:mix], [{:earmark, "~> 0.1.17 or ~> 0.2", [hex: :earmark, optional: true]}]},
  "plug": {:hex, :plug, "1.0.2", "cc341ac229c88fc6b04d1771f62f675640f24cea97a6313a49ffcaa8236e949e", [:mix], [{:cowboy, "~> 1.0", [hex: :cowboy, optional: true]}]}}
